
Microsoft Visual Studio Solution File, Format Version 12.00
# Visual Studio Version 17
VisualStudioVersion = 17.7.34031.279
MinimumVisualStudioVersion = 10.0.40219.1
Project("{FAE04EC0-301F-11D3-BF4B-00C04F79EFBC}") = "ejemplo_01", "ejemplo_01\ejemplo_01.csproj", "{76EF071F-C69A-4E9C-8C3E-1B94BF09B870}"
EndProject
Global
	GlobalSection(SolutionConfigurationPlatforms) = preSolution
		Debug|Any CPU = Debug|Any CPU
		Release|Any CPU = Release|Any CPU
	EndGlobalSection
	GlobalSection(ProjectConfigurationPlatforms) = postSolution
		{76EF071F-C69A-4E9C-8C3E-1B94BF09B870}.Debug|Any CPU.ActiveCfg = Debug|Any CPU
		{76EF071F-C69A-4E9C-8C3E-1B94BF09B870}.Debug|Any CPU.Build.0 = Debug|Any CPU
		{76EF071F-C69A-4E9C-8C3E-1B94BF09B870}.Release|Any CPU.ActiveCfg = Release|Any CPU
		{76EF071F-C69A-4E9C-8C3E-1B94BF09B870}.Release|Any CPU.Build.0 = Release|Any CPU
	EndGlobalSection
	GlobalSection(SolutionProperties) = preSolution
		HideSolutionNode = FALSE
	EndGlobalSection
	GlobalSection(ExtensibilityGlobals) = postSolution
		SolutionGuid = {7E730B07-AA87-41AC-806B-37201FF86B17}
	EndGlobalSection
EndGlobal
